
Microsoft Visual Studio Solution File, Format Version 12.00
# Visual Studio Version 17
VisualStudioVersion = 17.11.35219.272
MinimumVisualStudioVersion = 10.0.40219.1
Project("{9A19103F-16F7-4668-BE54-9A1E7A4F7556}") = "GameArchitectureExample", "GameArchitectureExample\GameArchitectureExample.csproj", "{7A8B39DA-73FC-4020-A02E-0F327C1093E6}"
EndProject
Project("{9A19103F-16F7-4668-BE54-9A1E7A4F7556}") = "BasicTilemapPipeline", "BasicTilemapPipeline\BasicTilemapPipeline.csproj", "{51FF6CD9-D7C4-444D-9AD1-4ABF6387E214}"
EndProject
Global
	GlobalSection(SolutionConfigurationPlatforms) = preSolution
		Debug|Any CPU = Debug|Any CPU
		Release|Any CPU = Release|Any CPU
	EndGlobalSection
	GlobalSection(ProjectConfigurationPlatforms) = postSolution
		{7A8B39DA-73FC-4020-A02E-0F327C1093E6}.Debug|Any CPU.ActiveCfg = Debug|Any CPU
		{7A8B39DA-73FC-4020-A02E-0F327C1093E6}.Debug|Any CPU.Build.0 = Debug|Any CPU
		{7A8B39DA-73FC-4020-A02E-0F327C1093E6}.Release|Any CPU.ActiveCfg = Release|Any CPU
		{7A8B39DA-73FC-4020-A02E-0F327C1093E6}.Release|Any CPU.Build.0 = Release|Any CPU
		{51FF6CD9-D7C4-444D-9AD1-4ABF6387E214}.Debug|Any CPU.ActiveCfg = Debug|Any CPU
		{51FF6CD9-D7C4-444D-9AD1-4ABF6387E214}.Debug|Any CPU.Build.0 = Debug|Any CPU
		{51FF6CD9-D7C4-444D-9AD1-4ABF6387E214}.Release|Any CPU.ActiveCfg = Release|Any CPU
		{51FF6CD9-D7C4-444D-9AD1-4ABF6387E214}.Release|Any CPU.Build.0 = Release|Any CPU
	EndGlobalSection
	GlobalSection(SolutionProperties) = preSolution
		HideSolutionNode = FALSE
	EndGlobalSection
	GlobalSection(ExtensibilityGlobals) = postSolution
		SolutionGuid = {0F8588EF-97DC-43A0-A3FA-6F2C6772879C}
	EndGlobalSection
EndGlobal
